{
  "requires": true,
  "lockfileVersion": 1,
  "dependencies": {
    "bootstrap": {
      "version": "3.3.7",
      "resolved": "https://registry.npmjs.org/bootstrap/-/bootstrap-3.3.7.tgz",
      "integrity": "sha1-WjiTlFSfIzMIdaOxUGVldPip63E=",
      "dev": true
    },
    "jquery": {
      "version": "2.2.4",
      "resolved": "https://registry.npmjs.org/jquery/-/jquery-2.2.4.tgz",
      "integrity": "sha1-LInWiJterFIqfuoywUUhVZxsvwI="
    },
    "jquery.waitforimages": {
      "version": "2.2.0",
      "resolved": "https://registry.npmjs.org/jquery.waitforimages/-/jquery.waitforimages-2.2.0.tgz",
      "integrity": "sha1-Y/IxMQVaGwYNyRPm2HS8ybnmsWs="
    },
    "owl.carousel": {
      "version": "2.2.0",
      "resolved": "https://registry.npmjs.org/owl.carousel/-/owl.carousel-2.2.0.tgz",
      "integrity": "sha1-81mNAeYHV7wQeys8YSMbEUDPNgw=",
      "requires": {
        "jquery": "2.2.4"
      }
    }
  }
}
